// !$*UTF8*$!
{
	archiveVersion = 1;
	classes = {
	};
	objectVersion = 46;
	objects = {
/* Begin PBXBuildFile section */
		0207DA581B56EA530066E2B4 /* Images.xcassets in Resources */ = {isa = PBXBuildFile; fileRef = 0207DA571B56EA530066E2B4 /* Images.xcassets */; };
		05E76B12A3FC4359BB3DE7F0 /* CoreLocation.framework in Frameworks */ = {isa = PBXBuildFile; fileRef = B883A32A69DD4F3DAA5331B6 /* CoreLocation.framework */; };
		05F3FCB494924DB3A3726B77 /* CDVLocalFilesystem.m in Sources */ = {isa = PBXBuildFile; fileRef = 417BDBBD10E6484299962E55 /* CDVLocalFilesystem.m */; };
		0612604DE3584B63A3577E9C /* CDVJpegHeaderWriter.m in Sources */ = {isa = PBXBuildFile; fileRef = 64A094A6020A4FE0B4225C70 /* CDVJpegHeaderWriter.m */; };
		06AD6C3AA8C54811A167F174 /* CDVBattery.m in Sources */ = {isa = PBXBuildFile; fileRef = 6292B1A1C6C649539615C472 /* CDVBattery.m */; };
		0D02A6AFB4CF456EAC9FA48E /* CDVContacts.m in Sources */ = {isa = PBXBuildFile; fileRef = 15AEF46A60D843FD840DD12F /* CDVContacts.m */; };
		0F094FC7BE3F4534A68E70EE /* CDVCapture.bundle in Resources */ = {isa = PBXBuildFile; fileRef = 33D138F2412248F785F529B5 /* CDVCapture.bundle */; };
		10524D0D23294A54907F9951 /* EventKit.framework in Frameworks */ = {isa = PBXBuildFile; fileRef = CFE96AFC15AE475B911CDECE /* EventKit.framework */; };
		1814372FA07B4EA18841469F /* libz.tbd in Frameworks */ = {isa = PBXBuildFile; fileRef = BDDBD5324FE944D4B9F865B8 /* libz.tbd */; };
		1A0D7119F8064BF1B5B83ED1 /* CDVLocation.m in Sources */ = {isa = PBXBuildFile; fileRef = F4AD8CB400954345BE814A30 /* CDVLocation.m */; };
		1D3623260D0F684500981E51 /* AppDelegate.m in Sources */ = {isa = PBXBuildFile; fileRef = 1D3623250D0F684500981E51 /* AppDelegate.m */; };
		1D60589B0D05DD56006BFB54 /* main.m in Sources */ = {isa = PBXBuildFile; fileRef = 29B97316FDCFA39411CA2CEA /* main.m */; };
		22C94F9B72B14C269137E664 /* CoreTelephony.framework in Frameworks */ = {isa = PBXBuildFile; fileRef = 1D2E057CA12D4457A11402EC /* CoreTelephony.framework */; };
		301BF552109A68D80062928A /* libCordova.a in Frameworks */ = {isa = PBXBuildFile; fileRef = 301BF535109A57CC0062928A /* libCordova.a */; };
		302D95F114D2391D003F00A1 /* MainViewController.m in Sources */ = {isa = PBXBuildFile; fileRef = 302D95EF14D2391D003F00A1 /* MainViewController.m */; };
		302D95F214D2391D003F00A1 /* MainViewController.xib in Resources */ = {isa = PBXBuildFile; fileRef = 302D95F014D2391D003F00A1 /* MainViewController.xib */; };
		3045BD60F70E4EDF9B0207DA /* AVFoundation.framework in Frameworks */ = {isa = PBXBuildFile; fileRef = 3F286C569EB443F68C9B9F42 /* AVFoundation.framework */; };
		399BDDF178F0475981847B11 /* SystemConfiguration.framework in Frameworks */ = {isa = PBXBuildFile; fileRef = 5718852BD1E245829C1B6E75 /* SystemConfiguration.framework */; settings = {ATTRIBUTES = (Weak, ); }; };
		493384C7240E44C3B0D57E1B /* CDVContact.m in Sources */ = {isa = PBXBuildFile; fileRef = 5BB62F87F7E4493EB6412434 /* CDVContact.m */; };
		518A3A201236453CB86730AA /* AddressBookUI.framework in Frameworks */ = {isa = PBXBuildFile; fileRef = B656FC23985343E293DA8597 /* AddressBookUI.framework */; settings = {ATTRIBUTES = (Weak, ); }; };
		5BCE2A009E3748FE8E3C56A7 /* AddressBook.framework in Frameworks */ = {isa = PBXBuildFile; fileRef = AC4E3C8E96FC4E938CDA2BD7 /* AddressBook.framework */; settings = {ATTRIBUTES = (Weak, ); }; };
		5F5CFFC5B76C422E9AF658BD /* CDVVibration.m in Sources */ = {isa = PBXBuildFile; fileRef = 3C7D1687B476425BA3C4E43F /* CDVVibration.m */; };
		6AFF5BF91D6E424B00AB3073 /* CDVLaunchScreen.storyboard in Resources */ = {isa = PBXBuildFile; fileRef = 6AFF5BF81D6E424B00AB3073 /* CDVLaunchScreen.storyboard */; };
		6FC6B9E622E34527879ED477 /* CDVReachability.m in Sources */ = {isa = PBXBuildFile; fileRef = 6FAAFA83553344CF948D13C8 /* CDVReachability.m */; };
		78DBF0633CDF4DA2A3558897 /* CDVNotification.m in Sources */ = {isa = PBXBuildFile; fileRef = E64ADFDE4DA64C839644268C /* CDVNotification.m */; };
		834F3D8C2D3645A09E39BE4D /* CDVInAppBrowser.m in Sources */ = {isa = PBXBuildFile; fileRef = 13E75F58F4FF46FD9718920A /* CDVInAppBrowser.m */; };
		9BC0B9E614AB47F0A92F47EF /* UIImage+CropScaleOrientation.m in Sources */ = {isa = PBXBuildFile; fileRef = C5787580C54847619A818A75 /* UIImage+CropScaleOrientation.m */; };
		9E1592EDFB0248B2A8E25D60 /* EventKitUI.framework in Frameworks */ = {isa = PBXBuildFile; fileRef = 7CFB74A39CEA42589A77CA5B /* EventKitUI.framework */; };
		9EC724124B18494A97300D65 /* CDVFile.m in Sources */ = {isa = PBXBuildFile; fileRef = 54B42CB02FDD4492BBFD0212 /* CDVFile.m */; };
		A294ED8DE20543AF85750233 /* CDVAssetLibraryFilesystem.m in Sources */ = {isa = PBXBuildFile; fileRef = FAAFA3BEBDF8461E906495AC /* CDVAssetLibraryFilesystem.m */; };
		A396C25E69CC4A458F87C2BA /* CDVCapture.m in Sources */ = {isa = PBXBuildFile; fileRef = EBE96AB28D874728A65EC452 /* CDVCapture.m */; };
		A8A12454D89F4EA5A0FD6065 /* CDVConnection.m in Sources */ = {isa = PBXBuildFile; fileRef = 81AA71B637944D05A35E28ED /* CDVConnection.m */; };
		ABECA8609C95417F91E63577 /* AudioToolbox.framework in Frameworks */ = {isa = PBXBuildFile; fileRef = CC2D3AF866FF434EAE0EAE38 /* AudioToolbox.framework */; settings = {ATTRIBUTES = (Weak, ); }; };
		B02CBAE9A19D40CC8E4125E1 /* CDVNotification.bundle in Resources */ = {isa = PBXBuildFile; fileRef = A123302B721A4D7CB6E2B2E7 /* CDVNotification.bundle */; };
		B29B17A997E64DCBB3D93BF4 /* Calendar.m in Sources */ = {isa = PBXBuildFile; fileRef = DE113FE75A8F4554AAB3AA8F /* Calendar.m */; };
		BAC021DB38C642869108AC70 /* CDVDevice.m in Sources */ = {isa = PBXBuildFile; fileRef = 415DBDC70AE7459CB9E5B581 /* CDVDevice.m */; };
		C0590EE7C09B424F84C4449D /* ImageIO.framework in Frameworks */ = {isa = PBXBuildFile; fileRef = 6717D1DF48014636A0EE96CE /* ImageIO.framework */; settings = {ATTRIBUTES = (Weak, ); }; };
		D7FD3A8DEEB741AFA1F4FFE4 /* CDVCamera.m in Sources */ = {isa = PBXBuildFile; fileRef = 3276F6CB5D1E4D80A6122527 /* CDVCamera.m */; };
		E633DE4C9EDE4BA4ABABECB7 /* CDVGlobalization.m in Sources */ = {isa = PBXBuildFile; fileRef = 01C1591ECC61476EAF766618 /* CDVGlobalization.m */; };
		3DCAE84199D54FA3B4E5F300 /* APPEmailComposer.m in Sources */ = {isa = PBXBuildFile; fileRef = 71B96BA52827430D90467FF7 /* APPEmailComposer.m */; };
		D22E114A3D424C198F674AF1 /* APPEmailComposerImpl.m in Sources */ = {isa = PBXBuildFile; fileRef = C15899B9BEDC442AB9870937 /* APPEmailComposerImpl.m */; };
		45A172333A304029974CACFB /* MessageUI.framework in Frameworks */ = {isa = PBXBuildFile; fileRef = E5DBA820D1824E10AA082D7B /* MessageUI.framework */; };
/* End PBXBuildFile section */

/* Begin PBXContainerItemProxy section */
		301BF534109A57CC0062928A /* PBXContainerItemProxy */ = {
			isa = PBXContainerItemProxy;
			containerPortal = 301BF52D109A57CC0062928A /* CordovaLib/CordovaLib.xcodeproj */;
			proxyType = 2;
			remoteGlobalIDString = D2AAC07E0554694100DB518D;
			remoteInfo = CordovaLib;
		};
		301BF550109A68C00062928A /* PBXContainerItemProxy */ = {
			isa = PBXContainerItemProxy;
			containerPortal = 301BF52D109A57CC0062928A /* CordovaLib/CordovaLib.xcodeproj */;
			proxyType = 1;
			remoteGlobalIDString = D2AAC07D0554694100DB518D;
			remoteInfo = CordovaLib;
		};
		6319A59B22E0C6AB0067705C /* PBXContainerItemProxy */ = {
			isa = PBXContainerItemProxy;
			containerPortal = 301BF52D109A57CC0062928A /* CordovaLib/CordovaLib.xcodeproj */;
			proxyType = 2;
			remoteGlobalIDString = C0C01EB21E3911D50056E6CB;
			remoteInfo = Cordova;
		};
/* End PBXContainerItemProxy section */

/* Begin PBXFileReference section */
		01C1591ECC61476EAF766618 /* CDVGlobalization.m */ = {isa = PBXFileReference; explicitFileType = undefined; fileEncoding = 4; includeInIndex = 0; lastKnownFileType = sourcecode.c.objc; name = CDVGlobalization.m; path = "cordova-plugin-globalization/CDVGlobalization.m"; sourceTree = "<group>"; };
		02028D01C2584DE9ADBAD9B9 /* CDVCapture.h */ = {isa = PBXFileReference; explicitFileType = undefined; fileEncoding = 4; includeInIndex = 0; lastKnownFileType = sourcecode.c.h; name = CDVCapture.h; path = "cordova-plugin-media-capture/CDVCapture.h"; sourceTree = "<group>"; };
		0207DA571B56EA530066E2B4 /* Images.xcassets */ = {isa = PBXFileReference; lastKnownFileType = folder.assetcatalog; name = Images.xcassets; path = CalTracky/Images.xcassets; sourceTree = SOURCE_ROOT; };
		092D79CBA42C4049958747E7 /* CDVAssetLibraryFilesystem.h */ = {isa = PBXFileReference; explicitFileType = undefined; fileEncoding = 4; includeInIndex = 0; lastKnownFileType = sourcecode.c.h; name = CDVAssetLibraryFilesystem.h; path = "cordova-plugin-file/CDVAssetLibraryFilesystem.h"; sourceTree = "<group>"; };
		0E1BD49FBB2141358337B002 /* CDVConnection.h */ = {isa = PBXFileReference; explicitFileType = undefined; fileEncoding = 4; includeInIndex = 0; lastKnownFileType = sourcecode.c.h; name = CDVConnection.h; path = "cordova-plugin-network-information/CDVConnection.h"; sourceTree = "<group>"; };
		13E75F58F4FF46FD9718920A /* CDVInAppBrowser.m */ = {isa = PBXFileReference; explicitFileType = undefined; fileEncoding = 4; includeInIndex = 0; lastKnownFileType = sourcecode.c.objc; name = CDVInAppBrowser.m; path = "cordova-plugin-inappbrowser/CDVInAppBrowser.m"; sourceTree = "<group>"; };
		15AEF46A60D843FD840DD12F /* CDVContacts.m */ = {isa = PBXFileReference; explicitFileType = undefined; fileEncoding = 4; includeInIndex = 0; lastKnownFileType = sourcecode.c.objc; name = CDVContacts.m; path = "cordova-plugin-contacts/CDVContacts.m"; sourceTree = "<group>"; };
		1A9B8CAFF2CB42908C85234E /* CDVVibration.h */ = {isa = PBXFileReference; explicitFileType = undefined; fileEncoding = 4; includeInIndex = 0; lastKnownFileType = sourcecode.c.h; name = CDVVibration.h; path = "cordova-plugin-vibration/CDVVibration.h"; sourceTree = "<group>"; };
		1D2E057CA12D4457A11402EC /* CoreTelephony.framework */ = {isa = PBXFileReference; explicitFileType = undefined; fileEncoding = 9; includeInIndex = 0; lastKnownFileType = wrapper.framework; name = CoreTelephony.framework; path = System/Library/Frameworks/CoreTelephony.framework; sourceTree = SDKROOT; };
		1D3623240D0F684500981E51 /* AppDelegate.h */ = {isa = PBXFileReference; fileEncoding = 4; lastKnownFileType = sourcecode.c.h; path = AppDelegate.h; sourceTree = "<group>"; };
		1D3623250D0F684500981E51 /* AppDelegate.m */ = {isa = PBXFileReference; fileEncoding = 4; lastKnownFileType = sourcecode.c.objc; path = AppDelegate.m; sourceTree = "<group>"; };
		1D6058910D05DD3D006BFB54 /* CalTracky.app */ = {isa = PBXFileReference; explicitFileType = wrapper.application; includeInIndex = 0; path = CalTracky.app; sourceTree = BUILT_PRODUCTS_DIR; };
		1F6AEACB03594557B1C2819D /* CDVCamera.h */ = {isa = PBXFileReference; explicitFileType = undefined; fileEncoding = 4; includeInIndex = 0; lastKnownFileType = sourcecode.c.h; name = CDVCamera.h; path = "cordova-plugin-camera/CDVCamera.h"; sourceTree = "<group>"; };
		2032D77F94874671B4002E38 /* CDVFile.h */ = {isa = PBXFileReference; explicitFileType = undefined; fileEncoding = 4; includeInIndex = 0; lastKnownFileType = sourcecode.c.h; name = CDVFile.h; path = "cordova-plugin-file/CDVFile.h"; sourceTree = "<group>"; };
		219D9C0D41F14825BFD364FB /* CDVReachability.h */ = {isa = PBXFileReference; explicitFileType = undefined; fileEncoding = 4; includeInIndex = 0; lastKnownFileType = sourcecode.c.h; name = CDVReachability.h; path = "cordova-plugin-network-information/CDVReachability.h"; sourceTree = "<group>"; };
		29B97316FDCFA39411CA2CEA /* main.m */ = {isa = PBXFileReference; fileEncoding = 4; lastKnownFileType = sourcecode.c.objc; path = main.m; sourceTree = "<group>"; };
		301BF52D109A57CC0062928A /* CordovaLib/CordovaLib.xcodeproj */ = {isa = PBXFileReference; lastKnownFileType = "wrapper.pb-project"; path = CordovaLib/CordovaLib.xcodeproj; sourceTree = "<group>"; };
		301BF56E109A69640062928A /* www */ = {isa = PBXFileReference; lastKnownFileType = folder; path = www; sourceTree = SOURCE_ROOT; };
		302D95EE14D2391D003F00A1 /* MainViewController.h */ = {isa = PBXFileReference; fileEncoding = 4; lastKnownFileType = sourcecode.c.h; path = MainViewController.h; sourceTree = "<group>"; };
		302D95EF14D2391D003F00A1 /* MainViewController.m */ = {isa = PBXFileReference; fileEncoding = 4; lastKnownFileType = sourcecode.c.objc; path = MainViewController.m; sourceTree = "<group>"; };
		302D95F014D2391D003F00A1 /* MainViewController.xib */ = {isa = PBXFileReference; fileEncoding = 4; lastKnownFileType = file.xib; path = MainViewController.xib; sourceTree = "<group>"; };
		3047A50F1AB8059700498E2A /* build-debug.xcconfig */ = {isa = PBXFileReference; fileEncoding = 4; lastKnownFileType = text.xcconfig; name = "build-debug.xcconfig"; path = "cordova/build-debug.xcconfig"; sourceTree = SOURCE_ROOT; };
		3047A5101AB8059700498E2A /* build-release.xcconfig */ = {isa = PBXFileReference; fileEncoding = 4; lastKnownFileType = text.xcconfig; name = "build-release.xcconfig"; path = "cordova/build-release.xcconfig"; sourceTree = SOURCE_ROOT; };
		3047A5111AB8059700498E2A /* build.xcconfig */ = {isa = PBXFileReference; fileEncoding = 4; lastKnownFileType = text.xcconfig; name = build.xcconfig; path = cordova/build.xcconfig; sourceTree = SOURCE_ROOT; };
		3276F6CB5D1E4D80A6122527 /* CDVCamera.m */ = {isa = PBXFileReference; explicitFileType = undefined; fileEncoding = 4; includeInIndex = 0; lastKnownFileType = sourcecode.c.objc; name = CDVCamera.m; path = "cordova-plugin-camera/CDVCamera.m"; sourceTree = "<group>"; };
		32CA4F630368D1EE00C91783 /* CalTracky-Prefix.pch */ = {isa = PBXFileReference; fileEncoding = 4; lastKnownFileType = sourcecode.c.h; path = "CalTracky-Prefix.pch"; sourceTree = "<group>"; };
		33D138F2412248F785F529B5 /* CDVCapture.bundle */ = {isa = PBXFileReference; explicitFileType = undefined; fileEncoding = 9; includeInIndex = 0; lastKnownFileType = "wrapper.plug-in"; path = CDVCapture.bundle; sourceTree = "<group>"; };
		3C43635EEAF44698A532070F /* CDVDevice.h */ = {isa = PBXFileReference; explicitFileType = undefined; fileEncoding = 4; includeInIndex = 0; lastKnownFileType = sourcecode.c.h; name = CDVDevice.h; path = "cordova-plugin-device/CDVDevice.h"; sourceTree = "<group>"; };
		3C5788CEA1F7410E9AC89BAB /* CDVInAppBrowser.h */ = {isa = PBXFileReference; explicitFileType = undefined; fileEncoding = 4; includeInIndex = 0; lastKnownFileType = sourcecode.c.h; name = CDVInAppBrowser.h; path = "cordova-plugin-inappbrowser/CDVInAppBrowser.h"; sourceTree = "<group>"; };
		3C7D1687B476425BA3C4E43F /* CDVVibration.m */ = {isa = PBXFileReference; explicitFileType = undefined; fileEncoding = 4; includeInIndex = 0; lastKnownFileType = sourcecode.c.objc; name = CDVVibration.m; path = "cordova-plugin-vibration/CDVVibration.m"; sourceTree = "<group>"; };
		3F286C569EB443F68C9B9F42 /* AVFoundation.framework */ = {isa = PBXFileReference; explicitFileType = undefined; fileEncoding = 9; includeInIndex = 0; lastKnownFileType = wrapper.framework; name = AVFoundation.framework; path = System/Library/Frameworks/AVFoundation.framework; sourceTree = SDKROOT; };
		415DBDC70AE7459CB9E5B581 /* CDVDevice.m */ = {isa = PBXFileReference; explicitFileType = undefined; fileEncoding = 4; includeInIndex = 0; lastKnownFileType = sourcecode.c.objc; name = CDVDevice.m; path = "cordova-plugin-device/CDVDevice.m"; sourceTree = "<group>"; };
		417BDBBD10E6484299962E55 /* CDVLocalFilesystem.m */ = {isa = PBXFileReference; explicitFileType = undefined; fileEncoding = 4; includeInIndex = 0; lastKnownFileType = sourcecode.c.objc; name = CDVLocalFilesystem.m; path = "cordova-plugin-file/CDVLocalFilesystem.m"; sourceTree = "<group>"; };
		54B42CB02FDD4492BBFD0212 /* CDVFile.m */ = {isa = PBXFileReference; explicitFileType = undefined; fileEncoding = 4; includeInIndex = 0; lastKnownFileType = sourcecode.c.objc; name = CDVFile.m; path = "cordova-plugin-file/CDVFile.m"; sourceTree = "<group>"; };
		5718852BD1E245829C1B6E75 /* SystemConfiguration.framework */ = {isa = PBXFileReference; explicitFileType = undefined; fileEncoding = 9; includeInIndex = 0; lastKnownFileType = wrapper.framework; name = SystemConfiguration.framework; path = System/Library/Frameworks/SystemConfiguration.framework; sourceTree = SDKROOT; };
		5BB62F87F7E4493EB6412434 /* CDVContact.m */ = {isa = PBXFileReference; explicitFileType = undefined; fileEncoding = 4; includeInIndex = 0; lastKnownFileType = sourcecode.c.objc; name = CDVContact.m; path = "cordova-plugin-contacts/CDVContact.m"; sourceTree = "<group>"; };
		6292B1A1C6C649539615C472 /* CDVBattery.m */ = {isa = PBXFileReference; explicitFileType = undefined; fileEncoding = 4; includeInIndex = 0; lastKnownFileType = sourcecode.c.objc; name = CDVBattery.m; path = "cordova-plugin-battery-status/CDVBattery.m"; sourceTree = "<group>"; };
		64A094A6020A4FE0B4225C70 /* CDVJpegHeaderWriter.m */ = {isa = PBXFileReference; explicitFileType = undefined; fileEncoding = 4; includeInIndex = 0; lastKnownFileType = sourcecode.c.objc; name = CDVJpegHeaderWriter.m; path = "cordova-plugin-camera/CDVJpegHeaderWriter.m"; sourceTree = "<group>"; };
		6717D1DF48014636A0EE96CE /* ImageIO.framework */ = {isa = PBXFileReference; explicitFileType = undefined; fileEncoding = 9; includeInIndex = 0; lastKnownFileType = wrapper.framework; name = ImageIO.framework; path = System/Library/Frameworks/ImageIO.framework; sourceTree = SDKROOT; };
		68F0D47EB2974C8FBEE69955 /* CDVLocation.h */ = {isa = PBXFileReference; explicitFileType = undefined; fileEncoding = 4; includeInIndex = 0; lastKnownFileType = sourcecode.c.h; name = CDVLocation.h; path = "cordova-plugin-geolocation/CDVLocation.h"; sourceTree = "<group>"; };
		6AFF5BF81D6E424B00AB3073 /* CDVLaunchScreen.storyboard */ = {isa = PBXFileReference; fileEncoding = 4; lastKnownFileType = file.storyboard; name = CDVLaunchScreen.storyboard; path = CalTracky/CDVLaunchScreen.storyboard; sourceTree = SOURCE_ROOT; };
		6FAAFA83553344CF948D13C8 /* CDVReachability.m */ = {isa = PBXFileReference; explicitFileType = undefined; fileEncoding = 4; includeInIndex = 0; lastKnownFileType = sourcecode.c.objc; name = CDVReachability.m; path = "cordova-plugin-network-information/CDVReachability.m"; sourceTree = "<group>"; };
		71DEB9F48AB54A299A85A235 /* CDVNotification.h */ = {isa = PBXFileReference; explicitFileType = undefined; fileEncoding = 4; includeInIndex = 0; lastKnownFileType = sourcecode.c.h; name = CDVNotification.h; path = "cordova-plugin-dialogs/CDVNotification.h"; sourceTree = "<group>"; };
		7CFB74A39CEA42589A77CA5B /* EventKitUI.framework */ = {isa = PBXFileReference; explicitFileType = undefined; fileEncoding = 9; includeInIndex = 0; lastKnownFileType = wrapper.framework; name = EventKitUI.framework; path = System/Library/Frameworks/EventKitUI.framework; sourceTree = SDKROOT; };
		80241A69FF91401DB015F1B8 /* CDVContact.h */ = {isa = PBXFileReference; explicitFileType = undefined; fileEncoding = 4; includeInIndex = 0; lastKnownFileType = sourcecode.c.h; name = CDVContact.h; path = "cordova-plugin-contacts/CDVContact.h"; sourceTree = "<group>"; };
		81AA71B637944D05A35E28ED /* CDVConnection.m */ = {isa = PBXFileReference; explicitFileType = undefined; fileEncoding = 4; includeInIndex = 0; lastKnownFileType = sourcecode.c.objc; name = CDVConnection.m; path = "cordova-plugin-network-information/CDVConnection.m"; sourceTree = "<group>"; };
		862F076DD5D8456F98D08997 /* Calendar.h */ = {isa = PBXFileReference; explicitFileType = undefined; fileEncoding = 4; includeInIndex = 0; lastKnownFileType = sourcecode.c.h; name = Calendar.h; path = "cordova-plugin-calendar/Calendar.h"; sourceTree = "<group>"; };
		8D1107310486CEB800E47090 /* CalTracky-Info.plist */ = {isa = PBXFileReference; fileEncoding = 4; lastKnownFileType = text.plist.xml; name = "CalTracky-Info.plist"; path = "CalTracky/CalTracky-Info.plist"; plistStructureDefinitionIdentifier = "com.apple.xcode.plist.structure-definition.iphone.info-plist"; sourceTree = SOURCE_ROOT; };
		99550D28E17D45DA8BC4BCEA /* UIImage+CropScaleOrientation.h */ = {isa = PBXFileReference; explicitFileType = undefined; fileEncoding = 4; includeInIndex = 0; lastKnownFileType = sourcecode.c.h; name = "UIImage+CropScaleOrientation.h"; path = "cordova-plugin-camera/UIImage+CropScaleOrientation.h"; sourceTree = "<group>"; };
		A123302B721A4D7CB6E2B2E7 /* CDVNotification.bundle */ = {isa = PBXFileReference; explicitFileType = undefined; fileEncoding = 9; includeInIndex = 0; lastKnownFileType = "wrapper.plug-in"; path = CDVNotification.bundle; sourceTree = "<group>"; };
		A39D9641E9AD4DB08FB62258 /* CDVBattery.h */ = {isa = PBXFileReference; explicitFileType = undefined; fileEncoding = 4; includeInIndex = 0; lastKnownFileType = sourcecode.c.h; name = CDVBattery.h; path = "cordova-plugin-battery-status/CDVBattery.h"; sourceTree = "<group>"; };
		AC4E3C8E96FC4E938CDA2BD7 /* AddressBook.framework */ = {isa = PBXFileReference; explicitFileType = undefined; fileEncoding = 9; includeInIndex = 0; lastKnownFileType = wrapper.framework; name = AddressBook.framework; path = System/Library/Frameworks/AddressBook.framework; sourceTree = SDKROOT; };
		B656FC23985343E293DA8597 /* AddressBookUI.framework */ = {isa = PBXFileReference; explicitFileType = undefined; fileEncoding = 9; includeInIndex = 0; lastKnownFileType = wrapper.framework; name = AddressBookUI.framework; path = System/Library/Frameworks/AddressBookUI.framework; sourceTree = SDKROOT; };
		B883A32A69DD4F3DAA5331B6 /* CoreLocation.framework */ = {isa = PBXFileReference; explicitFileType = undefined; fileEncoding = 9; includeInIndex = 0; lastKnownFileType = wrapper.framework; name = CoreLocation.framework; path = System/Library/Frameworks/CoreLocation.framework; sourceTree = SDKROOT; };
		B9E928DACAA844D58A20541E /* CDVGlobalization.h */ = {isa = PBXFileReference; explicitFileType = undefined; fileEncoding = 4; includeInIndex = 0; lastKnownFileType = sourcecode.c.h; name = CDVGlobalization.h; path = "cordova-plugin-globalization/CDVGlobalization.h"; sourceTree = "<group>"; };
		BDDBD5324FE944D4B9F865B8 /* libz.tbd */ = {isa = PBXFileReference; explicitFileType = undefined; fileEncoding = 9; includeInIndex = 0; lastKnownFileType = "sourcecode.text-based-dylib-definition"; name = libz.tbd; path = usr/lib/libz.tbd; sourceTree = SDKROOT; };
		C5787580C54847619A818A75 /* UIImage+CropScaleOrientation.m */ = {isa = PBXFileReference; explicitFileType = undefined; fileEncoding = 4; includeInIndex = 0; lastKnownFileType = sourcecode.c.objc; name = "UIImage+CropScaleOrientation.m"; path = "cordova-plugin-camera/UIImage+CropScaleOrientation.m"; sourceTree = "<group>"; };
		CA6A88A5F96E4A1DB47EA091 /* CDVExif.h */ = {isa = PBXFileReference; explicitFileType = undefined; fileEncoding = 4; includeInIndex = 0; lastKnownFileType = sourcecode.c.h; name = CDVExif.h; path = "cordova-plugin-camera/CDVExif.h"; sourceTree = "<group>"; };
		CBD24894E9A246A58EB6F500 /* CDVLocalFilesystem.h */ = {isa = PBXFileReference; explicitFileType = undefined; fileEncoding = 4; includeInIndex = 0; lastKnownFileType = sourcecode.c.h; name = CDVLocalFilesystem.h; path = "cordova-plugin-file/CDVLocalFilesystem.h"; sourceTree = "<group>"; };
		CC2D3AF866FF434EAE0EAE38 /* AudioToolbox.framework */ = {isa = PBXFileReference; explicitFileType = undefined; fileEncoding = 9; includeInIndex = 0; lastKnownFileType = wrapper.framework; name = AudioToolbox.framework; path = System/Library/Frameworks/AudioToolbox.framework; sourceTree = SDKROOT; };
		CFE96AFC15AE475B911CDECE /* EventKit.framework */ = {isa = PBXFileReference; explicitFileType = undefined; fileEncoding = 9; includeInIndex = 0; lastKnownFileType = wrapper.framework; name = EventKit.framework; path = System/Library/Frameworks/EventKit.framework; sourceTree = SDKROOT; };
		D614F4FB643445839E6C4349 /* CDVJpegHeaderWriter.h */ = {isa = PBXFileReference; explicitFileType = undefined; fileEncoding = 4; includeInIndex = 0; lastKnownFileType = sourcecode.c.h; name = CDVJpegHeaderWriter.h; path = "cordova-plugin-camera/CDVJpegHeaderWriter.h"; sourceTree = "<group>"; };
		DE113FE75A8F4554AAB3AA8F /* Calendar.m */ = {isa = PBXFileReference; explicitFileType = undefined; fileEncoding = 4; includeInIndex = 0; lastKnownFileType = sourcecode.c.objc; name = Calendar.m; path = "cordova-plugin-calendar/Calendar.m"; sourceTree = "<group>"; };
		E64ADFDE4DA64C839644268C /* CDVNotification.m */ = {isa = PBXFileReference; explicitFileType = undefined; fileEncoding = 4; includeInIndex = 0; lastKnownFileType = sourcecode.c.objc; name = CDVNotification.m; path = "cordova-plugin-dialogs/CDVNotification.m"; sourceTree = "<group>"; };
		EB40603FCC5B487E9E714970 /* CDVContacts.h */ = {isa = PBXFileReference; explicitFileType = undefined; fileEncoding = 4; includeInIndex = 0; lastKnownFileType = sourcecode.c.h; name = CDVContacts.h; path = "cordova-plugin-contacts/CDVContacts.h"; sourceTree = "<group>"; };
		EB87FDF31871DA8E0020F90C /* www */ = {isa = PBXFileReference; lastKnownFileType = folder; name = www; path = ../../www; sourceTree = "<group>"; };
		EB87FDF41871DAF40020F90C /* config.xml */ = {isa = PBXFileReference; lastKnownFileType = text.xml; name = config.xml; path = ../../config.xml; sourceTree = "<group>"; };
		EBE96AB28D874728A65EC452 /* CDVCapture.m */ = {isa = PBXFileReference; explicitFileType = undefined; fileEncoding = 4; includeInIndex = 0; lastKnownFileType = sourcecode.c.objc; name = CDVCapture.m; path = "cordova-plugin-media-capture/CDVCapture.m"; sourceTree = "<group>"; };
		ED33DF2A687741AEAF9F8254 /* Bridging-Header.h */ = {isa = PBXFileReference; fileEncoding = 4; lastKnownFileType = sourcecode.c.h; path = "Bridging-Header.h"; sourceTree = "<group>"; };
		F4AD8CB400954345BE814A30 /* CDVLocation.m */ = {isa = PBXFileReference; explicitFileType = undefined; fileEncoding = 4; includeInIndex = 0; lastKnownFileType = sourcecode.c.objc; name = CDVLocation.m; path = "cordova-plugin-geolocation/CDVLocation.m"; sourceTree = "<group>"; };
		F840E1F0165FE0F500CFE078 /* config.xml */ = {isa = PBXFileReference; lastKnownFileType = text.xml; name = config.xml; path = CalTracky/config.xml; sourceTree = "<group>"; };
		FAAFA3BEBDF8461E906495AC /* CDVAssetLibraryFilesystem.m */ = {isa = PBXFileReference; explicitFileType = undefined; fileEncoding = 4; includeInIndex = 0; lastKnownFileType = sourcecode.c.objc; name = CDVAssetLibraryFilesystem.m; path = "cordova-plugin-file/CDVAssetLibraryFilesystem.m"; sourceTree = "<group>"; };
		71B96BA52827430D90467FF7 /* APPEmailComposer.m */ = {isa = PBXFileReference; name = "APPEmailComposer.m"; path = "cordova-plugin-email/APPEmailComposer.m"; sourceTree = "<group>"; fileEncoding = 4; lastKnownFileType = sourcecode.c.objc; explicitFileType = undefined; includeInIndex = 0; };
		C15899B9BEDC442AB9870937 /* APPEmailComposerImpl.m */ = {isa = PBXFileReference; name = "APPEmailComposerImpl.m"; path = "cordova-plugin-email/APPEmailComposerImpl.m"; sourceTree = "<group>"; fileEncoding = 4; lastKnownFileType = sourcecode.c.objc; explicitFileType = undefined; includeInIndex = 0; };
		457F4F693A594CBAB8264EDF /* APPEmailComposer.h */ = {isa = PBXFileReference; name = "APPEmailComposer.h"; path = "cordova-plugin-email/APPEmailComposer.h"; sourceTree = "<group>"; fileEncoding = 4; lastKnownFileType = sourcecode.c.h; explicitFileType = undefined; includeInIndex = 0; };
		B78AEF306DE64128A9BB4F9D /* APPEmailComposerImpl.h */ = {isa = PBXFileReference; name = "APPEmailComposerImpl.h"; path = "cordova-plugin-email/APPEmailComposerImpl.h"; sourceTree = "<group>"; fileEncoding = 4; lastKnownFileType = sourcecode.c.h; explicitFileType = undefined; includeInIndex = 0; };
		E5DBA820D1824E10AA082D7B /* MessageUI.framework */ = {isa = PBXFileReference; name = "MessageUI.framework"; path = "System/Library/Frameworks/MessageUI.framework"; sourceTree = SDKROOT; fileEncoding = undefined; lastKnownFileType = wrapper.framework; explicitFileType = undefined; includeInIndex = 0; };
/* End PBXFileReference section */

/* Begin PBXFrameworksBuildPhase section */
		1D60588F0D05DD3D006BFB54 /* Frameworks */ = {
			isa = PBXFrameworksBuildPhase;
			buildActionMask = 2147483647;
			files = (
				301BF552109A68D80062928A /* libCordova.a in Frameworks */,
				10524D0D23294A54907F9951 /* EventKit.framework in Frameworks */,
				9E1592EDFB0248B2A8E25D60 /* EventKitUI.framework in Frameworks */,
				C0590EE7C09B424F84C4449D /* ImageIO.framework in Frameworks */,
				05E76B12A3FC4359BB3DE7F0 /* CoreLocation.framework in Frameworks */,
				3045BD60F70E4EDF9B0207DA /* AVFoundation.framework in Frameworks */,
				5BCE2A009E3748FE8E3C56A7 /* AddressBook.framework in Frameworks */,
				518A3A201236453CB86730AA /* AddressBookUI.framework in Frameworks */,
				1814372FA07B4EA18841469F /* libz.tbd in Frameworks */,
				ABECA8609C95417F91E63577 /* AudioToolbox.framework in Frameworks */,
				399BDDF178F0475981847B11 /* SystemConfiguration.framework in Frameworks */,
				22C94F9B72B14C269137E664 /* CoreTelephony.framework in Frameworks */,
				45A172333A304029974CACFB /* MessageUI.framework in Frameworks */,
			);
			runOnlyForDeploymentPostprocessing = 0;
		};
/* End PBXFrameworksBuildPhase section */

/* Begin PBXGroup section */
		080E96DDFE201D6D7F000001 /* Classes */ = {
			isa = PBXGroup;
			children = (
				302D95EE14D2391D003F00A1 /* MainViewController.h */,
				302D95EF14D2391D003F00A1 /* MainViewController.m */,
				302D95F014D2391D003F00A1 /* MainViewController.xib */,
				1D3623240D0F684500981E51 /* AppDelegate.h */,
				1D3623250D0F684500981E51 /* AppDelegate.m */,
			);
			name = Classes;
			path = CalTracky/Classes;
			sourceTree = SOURCE_ROOT;
		};
		19C28FACFE9D520D11CA2CBB /* Products */ = {
			isa = PBXGroup;
			children = (
				1D6058910D05DD3D006BFB54 /* CalTracky.app */,
			);
			name = Products;
			sourceTree = "<group>";
		};
		29B97314FDCFA39411CA2CEA /* CustomTemplate */ = {
			isa = PBXGroup;
			children = (
				EB87FDF41871DAF40020F90C /* config.xml */,
				EB87FDF31871DA8E0020F90C /* www */,
				EB87FDF11871DA420020F90C /* Staging */,
				301BF52D109A57CC0062928A /* CordovaLib/CordovaLib.xcodeproj */,
				080E96DDFE201D6D7F000001 /* Classes */,
				307C750510C5A3420062BCA9 /* Plugins */,
				29B97315FDCFA39411CA2CEA /* Other Sources */,
				29B97317FDCFA39411CA2CEA /* Resources */,
				29B97323FDCFA39411CA2CEA /* Frameworks */,
				19C28FACFE9D520D11CA2CBB /* Products */,
			);
			name = CustomTemplate;
			sourceTree = "<group>";
		};
		29B97315FDCFA39411CA2CEA /* Other Sources */ = {
			isa = PBXGroup;
			children = (
				32CA4F630368D1EE00C91783 /* CalTracky-Prefix.pch */,
				29B97316FDCFA39411CA2CEA /* main.m */,
				ED33DF2A687741AEAF9F8254 /* Bridging-Header.h */,
			);
			name = "Other Sources";
			path = CalTracky;
			sourceTree = "<group>";
		};
		29B97317FDCFA39411CA2CEA /* Resources */ = {
			isa = PBXGroup;
			children = (
				0207DA571B56EA530066E2B4 /* Images.xcassets */,
				3047A50E1AB8057F00498E2A /* config */,
				8D1107310486CEB800E47090 /* CalTracky-Info.plist */,
				6AFF5BF81D6E424B00AB3073 /* CDVLaunchScreen.storyboard */,
				A123302B721A4D7CB6E2B2E7 /* CDVNotification.bundle */,
				33D138F2412248F785F529B5 /* CDVCapture.bundle */,
			);
			name = Resources;
			path = CalTracky/Resources;
			sourceTree = "<group>";
		};
		29B97323FDCFA39411CA2CEA /* Frameworks */ = {
			isa = PBXGroup;
			children = (
				CFE96AFC15AE475B911CDECE /* EventKit.framework */,
				7CFB74A39CEA42589A77CA5B /* EventKitUI.framework */,
				6717D1DF48014636A0EE96CE /* ImageIO.framework */,
				B883A32A69DD4F3DAA5331B6 /* CoreLocation.framework */,
				3F286C569EB443F68C9B9F42 /* AVFoundation.framework */,
				AC4E3C8E96FC4E938CDA2BD7 /* AddressBook.framework */,
				B656FC23985343E293DA8597 /* AddressBookUI.framework */,
				BDDBD5324FE944D4B9F865B8 /* libz.tbd */,
				CC2D3AF866FF434EAE0EAE38 /* AudioToolbox.framework */,
				5718852BD1E245829C1B6E75 /* SystemConfiguration.framework */,
				1D2E057CA12D4457A11402EC /* CoreTelephony.framework */,
				E5DBA820D1824E10AA082D7B /* MessageUI.framework */,
			);
			name = Frameworks;
			sourceTree = "<group>";
		};
		301BF52E109A57CC0062928A /* Products */ = {
			isa = PBXGroup;
			children = (
				301BF535109A57CC0062928A /* libCordova.a */,
				6319A59C22E0C6AB0067705C /* Cordova.framework */,
			);
			name = Products;
			sourceTree = "<group>";
		};
		3047A50E1AB8057F00498E2A /* config */ = {
			isa = PBXGroup;
			children = (
				3047A50F1AB8059700498E2A /* build-debug.xcconfig */,
				3047A5101AB8059700498E2A /* build-release.xcconfig */,
				3047A5111AB8059700498E2A /* build.xcconfig */,
			);
			name = config;
			sourceTree = "<group>";
		};
		307C750510C5A3420062BCA9 /* Plugins */ = {
			isa = PBXGroup;
			children = (
				6292B1A1C6C649539615C472 /* CDVBattery.m */,
				A39D9641E9AD4DB08FB62258 /* CDVBattery.h */,
				DE113FE75A8F4554AAB3AA8F /* Calendar.m */,
				862F076DD5D8456F98D08997 /* Calendar.h */,
				C5787580C54847619A818A75 /* UIImage+CropScaleOrientation.m */,
				3276F6CB5D1E4D80A6122527 /* CDVCamera.m */,
				64A094A6020A4FE0B4225C70 /* CDVJpegHeaderWriter.m */,
				99550D28E17D45DA8BC4BCEA /* UIImage+CropScaleOrientation.h */,
				1F6AEACB03594557B1C2819D /* CDVCamera.h */,
				D614F4FB643445839E6C4349 /* CDVJpegHeaderWriter.h */,
				CA6A88A5F96E4A1DB47EA091 /* CDVExif.h */,
				15AEF46A60D843FD840DD12F /* CDVContacts.m */,
				5BB62F87F7E4493EB6412434 /* CDVContact.m */,
				EB40603FCC5B487E9E714970 /* CDVContacts.h */,
				80241A69FF91401DB015F1B8 /* CDVContact.h */,
				415DBDC70AE7459CB9E5B581 /* CDVDevice.m */,
				3C43635EEAF44698A532070F /* CDVDevice.h */,
				E64ADFDE4DA64C839644268C /* CDVNotification.m */,
				71DEB9F48AB54A299A85A235 /* CDVNotification.h */,
				54B42CB02FDD4492BBFD0212 /* CDVFile.m */,
				417BDBBD10E6484299962E55 /* CDVLocalFilesystem.m */,
				FAAFA3BEBDF8461E906495AC /* CDVAssetLibraryFilesystem.m */,
				2032D77F94874671B4002E38 /* CDVFile.h */,
				CBD24894E9A246A58EB6F500 /* CDVLocalFilesystem.h */,
				092D79CBA42C4049958747E7 /* CDVAssetLibraryFilesystem.h */,
				F4AD8CB400954345BE814A30 /* CDVLocation.m */,
				68F0D47EB2974C8FBEE69955 /* CDVLocation.h */,
				01C1591ECC61476EAF766618 /* CDVGlobalization.m */,
				B9E928DACAA844D58A20541E /* CDVGlobalization.h */,
				13E75F58F4FF46FD9718920A /* CDVInAppBrowser.m */,
				3C5788CEA1F7410E9AC89BAB /* CDVInAppBrowser.h */,
				EBE96AB28D874728A65EC452 /* CDVCapture.m */,
				02028D01C2584DE9ADBAD9B9 /* CDVCapture.h */,
				81AA71B637944D05A35E28ED /* CDVConnection.m */,
				6FAAFA83553344CF948D13C8 /* CDVReachability.m */,
				0E1BD49FBB2141358337B002 /* CDVConnection.h */,
				219D9C0D41F14825BFD364FB /* CDVReachability.h */,
				3C7D1687B476425BA3C4E43F /* CDVVibration.m */,
				1A9B8CAFF2CB42908C85234E /* CDVVibration.h */,
				71B96BA52827430D90467FF7 /* APPEmailComposer.m */,
				C15899B9BEDC442AB9870937 /* APPEmailComposerImpl.m */,
				457F4F693A594CBAB8264EDF /* APPEmailComposer.h */,
				B78AEF306DE64128A9BB4F9D /* APPEmailComposerImpl.h */,
			);
			name = Plugins;
			path = CalTracky/Plugins;
			sourceTree = SOURCE_ROOT;
		};
		EB87FDF11871DA420020F90C /* Staging */ = {
			isa = PBXGroup;
			children = (
				F840E1F0165FE0F500CFE078 /* config.xml */,
				301BF56E109A69640062928A /* www */,
			);
			name = Staging;
			sourceTree = "<group>";
		};
/* End PBXGroup section */

/* Begin PBXNativeTarget section */
		1D6058900D05DD3D006BFB54 /* CalTracky */ = {
			isa = PBXNativeTarget;
			buildConfigurationList = 1D6058960D05DD3E006BFB54 /* Build configuration list for PBXNativeTarget "CalTracky" */;
			buildPhases = (
				304B58A110DAC018002A0835 /* Copy www directory */,
				1D60588D0D05DD3D006BFB54 /* Resources */,
				1D60588E0D05DD3D006BFB54 /* Sources */,
				1D60588F0D05DD3D006BFB54 /* Frameworks */,
			);
			buildRules = (
			);
			dependencies = (
				301BF551109A68C00062928A /* PBXTargetDependency */,
			);
			name = CalTracky;
			productName = CalTracky;
			productReference = 1D6058910D05DD3D006BFB54 /* CalTracky.app */;
			productType = "com.apple.product-type.application";
		};
/* End PBXNativeTarget section */

/* Begin PBXProject section */
		29B97313FDCFA39411CA2CEA /* Project object */ = {
			isa = PBXProject;
			attributes = {
				LastUpgradeCheck = 510;
				TargetAttributes = {
					1D6058900D05DD3D006BFB54 = {
						DevelopmentTeam = 4RAU5TM6Q4;
						ProvisioningStyle = Manual;
					};
				};
			};
			buildConfigurationList = C01FCF4E08A954540054247B /* Build configuration list for PBXProject "CalTracky" */;
			compatibilityVersion = "Xcode 3.2";
			developmentRegion = English;
			hasScannedForEncodings = 1;
			knownRegions = (
				English,
				en,
			);
			mainGroup = 29B97314FDCFA39411CA2CEA /* CustomTemplate */;
			projectDirPath = "";
			projectReferences = (
				{
					ProductGroup = 301BF52E109A57CC0062928A /* Products */;
					ProjectRef = 301BF52D109A57CC0062928A /* CordovaLib/CordovaLib.xcodeproj */;
				},
			);
			projectRoot = "";
			targets = (
				1D6058900D05DD3D006BFB54 /* CalTracky */,
			);
		};
/* End PBXProject section */

/* Begin PBXReferenceProxy section */
		301BF535109A57CC0062928A /* libCordova.a */ = {
			isa = PBXReferenceProxy;
			fileType = archive.ar;
			path = libCordova.a;
			remoteRef = 301BF534109A57CC0062928A /* PBXContainerItemProxy */;
			sourceTree = BUILT_PRODUCTS_DIR;
		};
		6319A59C22E0C6AB0067705C /* Cordova.framework */ = {
			isa = PBXReferenceProxy;
			fileType = wrapper.framework;
			path = Cordova.framework;
			remoteRef = 6319A59B22E0C6AB0067705C /* PBXContainerItemProxy */;
			sourceTree = BUILT_PRODUCTS_DIR;
		};
/* End PBXReferenceProxy section */

/* Begin PBXResourcesBuildPhase section */
		1D60588D0D05DD3D006BFB54 /* Resources */ = {
			isa = PBXResourcesBuildPhase;
			buildActionMask = 2147483647;
			files = (
				302D95F214D2391D003F00A1 /* MainViewController.xib in Resources */,
				0207DA581B56EA530066E2B4 /* Images.xcassets in Resources */,
				6AFF5BF91D6E424B00AB3073 /* CDVLaunchScreen.storyboard in Resources */,
				B02CBAE9A19D40CC8E4125E1 /* CDVNotification.bundle in Resources */,
				0F094FC7BE3F4534A68E70EE /* CDVCapture.bundle in Resources */,
			);
			runOnlyForDeploymentPostprocessing = 0;
		};
/* End PBXResourcesBuildPhase section */

/* Begin PBXShellScriptBuildPhase section */
		304B58A110DAC018002A0835 /* Copy www directory */ = {
			isa = PBXShellScriptBuildPhase;
			buildActionMask = 2147483647;
			files = (
			);
			inputPaths = (
			);
			name = "Copy www directory";
			outputPaths = (
			);
			runOnlyForDeploymentPostprocessing = 0;
			shellPath = /bin/sh;
			shellScript = "NODEJS_PATH=/usr/local/bin; NVM_NODE_PATH=~/.nvm/versions/node/`nvm version 2>/dev/null`/bin; N_NODE_PATH=`find /usr/local/n/versions/node/* -maxdepth 0 -type d 2>/dev/null | tail -1`/bin; XCODE_NODE_PATH=`xcode-select --print-path`/usr/share/xcs/Node/bin; PATH=$NODEJS_PATH:$NVM_NODE_PATH:$N_NODE_PATH:$XCODE_NODE_PATH:$PATH && node cordova/lib/copy-www-build-step.js";
			showEnvVarsInLog = 0;
		};
/* End PBXShellScriptBuildPhase section */

/* Begin PBXSourcesBuildPhase section */
		1D60588E0D05DD3D006BFB54 /* Sources */ = {
			isa = PBXSourcesBuildPhase;
			buildActionMask = 2147483647;
			files = (
				1D60589B0D05DD56006BFB54 /* main.m in Sources */,
				1D3623260D0F684500981E51 /* AppDelegate.m in Sources */,
				302D95F114D2391D003F00A1 /* MainViewController.m in Sources */,
				06AD6C3AA8C54811A167F174 /* CDVBattery.m in Sources */,
				B29B17A997E64DCBB3D93BF4 /* Calendar.m in Sources */,
				9BC0B9E614AB47F0A92F47EF /* UIImage+CropScaleOrientation.m in Sources */,
				D7FD3A8DEEB741AFA1F4FFE4 /* CDVCamera.m in Sources */,
				0612604DE3584B63A3577E9C /* CDVJpegHeaderWriter.m in Sources */,
				0D02A6AFB4CF456EAC9FA48E /* CDVContacts.m in Sources */,
				493384C7240E44C3B0D57E1B /* CDVContact.m in Sources */,
				BAC021DB38C642869108AC70 /* CDVDevice.m in Sources */,
				78DBF0633CDF4DA2A3558897 /* CDVNotification.m in Sources */,
				9EC724124B18494A97300D65 /* CDVFile.m in Sources */,
				05F3FCB494924DB3A3726B77 /* CDVLocalFilesystem.m in Sources */,
				A294ED8DE20543AF85750233 /* CDVAssetLibraryFilesystem.m in Sources */,
				1A0D7119F8064BF1B5B83ED1 /* CDVLocation.m in Sources */,
				E633DE4C9EDE4BA4ABABECB7 /* CDVGlobalization.m in Sources */,
				834F3D8C2D3645A09E39BE4D /* CDVInAppBrowser.m in Sources */,
				A396C25E69CC4A458F87C2BA /* CDVCapture.m in Sources */,
				A8A12454D89F4EA5A0FD6065 /* CDVConnection.m in Sources */,
				6FC6B9E622E34527879ED477 /* CDVReachability.m in Sources */,
				5F5CFFC5B76C422E9AF658BD /* CDVVibration.m in Sources */,
				3DCAE84199D54FA3B4E5F300 /* APPEmailComposer.m in Sources */,
				D22E114A3D424C198F674AF1 /* APPEmailComposerImpl.m in Sources */,
			);
			runOnlyForDeploymentPostprocessing = 0;
		};
/* End PBXSourcesBuildPhase section */

/* Begin PBXTargetDependency section */
		301BF551109A68C00062928A /* PBXTargetDependency */ = {
			isa = PBXTargetDependency;
			name = CordovaLib;
			targetProxy = 301BF550109A68C00062928A /* PBXContainerItemProxy */;
		};
/* End PBXTargetDependency section */

/* Begin XCBuildConfiguration section */
		1D6058940D05DD3E006BFB54 /* Debug */ = {
			isa = XCBuildConfiguration;
			baseConfigurationReference = 3047A50F1AB8059700498E2A /* build-debug.xcconfig */;
			buildSettings = {
				ALWAYS_SEARCH_USER_PATHS = NO;
				ASSETCATALOG_COMPILER_APPICON_NAME = AppIcon;
				ASSETCATALOG_COMPILER_LAUNCHIMAGE_NAME = LaunchImage;
				CLANG_ENABLE_MODULES = YES;
				CLANG_ENABLE_OBJC_ARC = YES;
				CODE_SIGN_STYLE = Manual;
				COPY_PHASE_STRIP = NO;
				DEVELOPMENT_TEAM = 4RAU5TM6Q4;
				GCC_DYNAMIC_NO_PIC = NO;
				GCC_OPTIMIZATION_LEVEL = 0;
				GCC_PRECOMPILE_PREFIX_HEADER = YES;
				GCC_PREFIX_HEADER = "CalTracky/CalTracky-Prefix.pch";
				GCC_THUMB_SUPPORT = NO;
				GCC_VERSION = "";
				INFOPLIST_FILE = "CalTracky/CalTracky-Info.plist";
				IPHONEOS_DEPLOYMENT_TARGET = 12.0;
				LD_RUNPATH_SEARCH_PATHS = "@executable_path/Frameworks";
				PRODUCT_NAME = CalTracky;
				PROVISIONING_PROFILE_SPECIFIER = "CalTracky Development";
				TARGETED_DEVICE_FAMILY = "1,2";
			};
			name = Debug;
		};
		1D6058950D05DD3E006BFB54 /* Release */ = {
			isa = XCBuildConfiguration;
			baseConfigurationReference = 3047A5101AB8059700498E2A /* build-release.xcconfig */;
			buildSettings = {
				ALWAYS_SEARCH_USER_PATHS = NO;
				ASSETCATALOG_COMPILER_APPICON_NAME = AppIcon;
				ASSETCATALOG_COMPILER_LAUNCHIMAGE_NAME = LaunchImage;
				CLANG_ENABLE_MODULES = YES;
				CLANG_ENABLE_OBJC_ARC = YES;
				CODE_SIGN_STYLE = Manual;
				COPY_PHASE_STRIP = YES;
				DEVELOPMENT_TEAM = 4RAU5TM6Q4;
				GCC_PRECOMPILE_PREFIX_HEADER = YES;
				GCC_PREFIX_HEADER = "CalTracky/CalTracky-Prefix.pch";
				GCC_THUMB_SUPPORT = NO;
				GCC_VERSION = "";
				INFOPLIST_FILE = "CalTracky/CalTracky-Info.plist";
				IPHONEOS_DEPLOYMENT_TARGET = 12.0;
				LD_RUNPATH_SEARCH_PATHS = "@executable_path/Frameworks";
				PRODUCT_NAME = CalTracky;
				PROVISIONING_PROFILE_SPECIFIER = "CalTracky Distribution";
				TARGETED_DEVICE_FAMILY = "1,2";
			};
			name = Release;
		};
		C01FCF4F08A954540054247B /* Debug */ = {
			isa = XCBuildConfiguration;
			baseConfigurationReference = 3047A5111AB8059700498E2A /* build.xcconfig */;
			buildSettings = {
				CLANG_ENABLE_MODULES = YES;
				CLANG_ENABLE_OBJC_ARC = YES;
				CLANG_WARN_BOOL_CONVERSION = YES;
				CLANG_WARN_CONSTANT_CONVERSION = YES;
				CLANG_WARN_EMPTY_BODY = YES;
				CLANG_WARN_ENUM_CONVERSION = YES;
				CLANG_WARN_INT_CONVERSION = YES;
				CLANG_WARN__DUPLICATE_METHOD_MATCH = YES;
				GCC_C_LANGUAGE_STANDARD = c99;
				GCC_THUMB_SUPPORT = NO;
				GCC_VERSION = "";
				GCC_WARN_ABOUT_RETURN_TYPE = YES;
				GCC_WARN_UNDECLARED_SELECTOR = YES;
				GCC_WARN_UNINITIALIZED_AUTOS = YES;
				GCC_WARN_UNUSED_FUNCTION = YES;
				GCC_WARN_UNUSED_VARIABLE = YES;
				ONLY_ACTIVE_ARCH = YES;
				SDKROOT = iphoneos;
				SKIP_INSTALL = NO;
			};
			name = Debug;
		};
		C01FCF5008A954540054247B /* Release */ = {
			isa = XCBuildConfiguration;
			baseConfigurationReference = 3047A5111AB8059700498E2A /* build.xcconfig */;
			buildSettings = {
				CLANG_ENABLE_MODULES = YES;
				CLANG_ENABLE_OBJC_ARC = YES;
				CLANG_WARN_BOOL_CONVERSION = YES;
				CLANG_WARN_CONSTANT_CONVERSION = YES;
				CLANG_WARN_EMPTY_BODY = YES;
				CLANG_WARN_ENUM_CONVERSION = YES;
				CLANG_WARN_INT_CONVERSION = YES;
				CLANG_WARN__DUPLICATE_METHOD_MATCH = YES;
				GCC_C_LANGUAGE_STANDARD = c99;
				GCC_THUMB_SUPPORT = NO;
				GCC_VERSION = "";
				GCC_WARN_ABOUT_RETURN_TYPE = YES;
				GCC_WARN_UNDECLARED_SELECTOR = YES;
				GCC_WARN_UNINITIALIZED_AUTOS = YES;
				GCC_WARN_UNUSED_FUNCTION = YES;
				GCC_WARN_UNUSED_VARIABLE = YES;
				SDKROOT = iphoneos;
				SKIP_INSTALL = NO;
			};
			name = Release;
		};
/* End XCBuildConfiguration section */

/* Begin XCConfigurationList section */
		1D6058960D05DD3E006BFB54 /* Build configuration list for PBXNativeTarget "CalTracky" */ = {
			isa = XCConfigurationList;
			buildConfigurations = (
				1D6058940D05DD3E006BFB54 /* Debug */,
				1D6058950D05DD3E006BFB54 /* Release */,
			);
			defaultConfigurationIsVisible = 0;
			defaultConfigurationName = Release;
		};
		C01FCF4E08A954540054247B /* Build configuration list for PBXProject "CalTracky" */ = {
			isa = XCConfigurationList;
			buildConfigurations = (
				C01FCF4F08A954540054247B /* Debug */,
				C01FCF5008A954540054247B /* Release */,
			);
			defaultConfigurationIsVisible = 0;
			defaultConfigurationName = Release;
		};
/* End XCConfigurationList section */
	};
	rootObject = 29B97313FDCFA39411CA2CEA /* Project object */;
}
